// !$*UTF8*$!
{
	archiveVersion = 1;
	classes = {
	};
	objectVersion = 55;
	objects = {

/* Begin PBXBuildFile section */
		36211E9727D20B6B007D408E /* TwitterCloneApp.swift in Sources */ = {isa = PBXBuildFile; fileRef = 36211E9627D20B6B007D408E /* TwitterCloneApp.swift */; };
		36211E9927D20B6B007D408E /* ContentView.swift in Sources */ = {isa = PBXBuildFile; fileRef = 36211E9827D20B6B007D408E /* ContentView.swift */; };
		36211E9B27D20B6C007D408E /* Assets.xcassets in Resources */ = {isa = PBXBuildFile; fileRef = 36211E9A27D20B6C007D408E /* Assets.xcassets */; };
		36211E9E27D20B6C007D408E /* Preview Assets.xcassets in Resources */ = {isa = PBXBuildFile; fileRef = 36211E9D27D20B6C007D408E /* Preview Assets.xcassets */; };
		36211EB127D20D74007D408E /* TweetsRowView.swift in Sources */ = {isa = PBXBuildFile; fileRef = 36211EB027D20D74007D408E /* TweetsRowView.swift */; };
		36211EB327D20DA2007D408E /* FeedView.swift in Sources */ = {isa = PBXBuildFile; fileRef = 36211EB227D20DA2007D408E /* FeedView.swift */; };
		36211EB627D22321007D408E /* MainTabView.swift in Sources */ = {isa = PBXBuildFile; fileRef = 36211EB527D22321007D408E /* MainTabView.swift */; };
		36211EBD27D22546007D408E /* MessagesView.swift in Sources */ = {isa = PBXBuildFile; fileRef = 36211EBC27D22546007D408E /* MessagesView.swift */; };
		36211EBF27D22560007D408E /* NotificationsView.swift in Sources */ = {isa = PBXBuildFile; fileRef = 36211EBE27D22560007D408E /* NotificationsView.swift */; };
		36211EC127D22573007D408E /* ExploreView.swift in Sources */ = {isa = PBXBuildFile; fileRef = 36211EC027D22573007D408E /* ExploreView.swift */; };
		36211EC327D22581007D408E /* ProfileView.swift in Sources */ = {isa = PBXBuildFile; fileRef = 36211EC227D22581007D408E /* ProfileView.swift */; };
		36211EC727D23A1D007D408E /* TweetFilterViewModel.swift in Sources */ = {isa = PBXBuildFile; fileRef = 36211EC627D23A1D007D408E /* TweetFilterViewModel.swift */; };
		36211ECC27D5F18B007D408E /* UserRowView.swift in Sources */ = {isa = PBXBuildFile; fileRef = 36211ECB27D5F18B007D408E /* UserRowView.swift */; };
		36211ED327D5F654007D408E /* SideMenuView.swift in Sources */ = {isa = PBXBuildFile; fileRef = 36211ED227D5F654007D408E /* SideMenuView.swift */; };
		36211ED527D5F666007D408E /* SideMenuRowView.swift in Sources */ = {isa = PBXBuildFile; fileRef = 36211ED427D5F666007D408E /* SideMenuRowView.swift */; };
		36211ED727D5F7BB007D408E /* SideMenuViewModel.swift in Sources */ = {isa = PBXBuildFile; fileRef = 36211ED627D5F7BB007D408E /* SideMenuViewModel.swift */; };
		36211ED927D5FA34007D408E /* UserStatsView.swift in Sources */ = {isa = PBXBuildFile; fileRef = 36211ED827D5FA34007D408E /* UserStatsView.swift */; };
		367DB7C627DA16870059832B /* AuthHeader.swift in Sources */ = {isa = PBXBuildFile; fileRef = 367DB7C527DA16870059832B /* AuthHeader.swift */; };
		367DB7C827DA1B0D0059832B /* GoogleService-Info.plist in Resources */ = {isa = PBXBuildFile; fileRef = 367DB7C727DA1B0D0059832B /* GoogleService-Info.plist */; };
		367DB7CB27DA1D860059832B /* FirebaseAuth in Frameworks */ = {isa = PBXBuildFile; productRef = 367DB7CA27DA1D860059832B /* FirebaseAuth */; };
		367DB7CD27DA1D860059832B /* FirebaseFirestore in Frameworks */ = {isa = PBXBuildFile; productRef = 367DB7CC27DA1D860059832B /* FirebaseFirestore */; };
		367DB7CF27DA1D860059832B /* FirebaseFirestoreSwift-Beta in Frameworks */ = {isa = PBXBuildFile; productRef = 367DB7CE27DA1D860059832B /* FirebaseFirestoreSwift-Beta */; };
		367DB7D127DA1D860059832B /* FirebaseStorage in Frameworks */ = {isa = PBXBuildFile; productRef = 367DB7D027DA1D860059832B /* FirebaseStorage */; };
		367DB7D327DA1F240059832B /* AuthViewModel.swift in Sources */ = {isa = PBXBuildFile; fileRef = 367DB7D227DA1F240059832B /* AuthViewModel.swift */; };
		368F085327D8ED630067BA70 /* LoginUI.swift in Sources */ = {isa = PBXBuildFile; fileRef = 368F085227D8ED630067BA70 /* LoginUI.swift */; };
		368F085527D8EF8A0067BA70 /* RoundedShape.swift in Sources */ = {isa = PBXBuildFile; fileRef = 368F085427D8EF8A0067BA70 /* RoundedShape.swift */; };
		368F085727D8FC780067BA70 /* RegistrationView.swift in Sources */ = {isa = PBXBuildFile; fileRef = 368F085627D8FC780067BA70 /* RegistrationView.swift */; };
		368F085A27D8FE760067BA70 /* CustomInputFieldRowView.swift in Sources */ = {isa = PBXBuildFile; fileRef = 368F085927D8FE760067BA70 /* CustomInputFieldRowView.swift */; };
		36BFB4CC27D8D911006B606B /* SideMenuOptionRowView.swift in Sources */ = {isa = PBXBuildFile; fileRef = 36BFB4CB27D8D911006B606B /* SideMenuOptionRowView.swift */; };
		36BFB4D127D8E0F2006B606B /* NewTweetView.swift in Sources */ = {isa = PBXBuildFile; fileRef = 36BFB4D027D8E0F2006B606B /* NewTweetView.swift */; };
		36BFB4D427D8E309006B606B /* TextAreaView.swift in Sources */ = {isa = PBXBuildFile; fileRef = 36BFB4D327D8E309006B606B /* TextAreaView.swift */; };
/* End PBXBuildFile section */

/* Begin PBXFileReference section */
		36211E9327D20B6B007D408E /* TwitterClone.app */ = {isa = PBXFileReference; explicitFileType = wrapper.application; includeInIndex = 0; path = TwitterClone.app; sourceTree = BUILT_PRODUCTS_DIR; };
		36211E9627D20B6B007D408E /* TwitterCloneApp.swift */ = {isa = PBXFileReference; lastKnownFileType = sourcecode.swift; path = TwitterCloneApp.swift; sourceTree = "<group>"; };
		36211E9827D20B6B007D408E /* ContentView.swift */ = {isa = PBXFileReference; lastKnownFileType = sourcecode.swift; path = ContentView.swift; sourceTree = "<group>"; };
		36211E9A27D20B6C007D408E /* Assets.xcassets */ = {isa = PBXFileReference; lastKnownFileType = folder.assetcatalog; path = Assets.xcassets; sourceTree = "<group>"; };
		36211E9D27D20B6C007D408E /* Preview Assets.xcassets */ = {isa = PBXFileReference; lastKnownFileType = folder.assetcatalog; path = "Preview Assets.xcassets"; sourceTree = "<group>"; };
		36211EB027D20D74007D408E /* TweetsRowView.swift */ = {isa = PBXFileReference; lastKnownFileType = sourcecode.swift; path = TweetsRowView.swift; sourceTree = "<group>"; };
		36211EB227D20DA2007D408E /* FeedView.swift */ = {isa = PBXFileReference; lastKnownFileType = sourcecode.swift; path = FeedView.swift; sourceTree = "<group>"; };
		36211EB527D22321007D408E /* MainTabView.swift */ = {isa = PBXFileReference; lastKnownFileType = sourcecode.swift; path = MainTabView.swift; sourceTree = "<group>"; };
		36211EBC27D22546007D408E /* MessagesView.swift */ = {isa = PBXFileReference; lastKnownFileType = sourcecode.swift; path = MessagesView.swift; sourceTree = "<group>"; };
		36211EBE27D22560007D408E /* NotificationsView.swift */ = {isa = PBXFileReference; lastKnownFileType = sourcecode.swift; path = NotificationsView.swift; sourceTree = "<group>"; };
		36211EC027D22573007D408E /* ExploreView.swift */ = {isa = PBXFileReference; lastKnownFileType = sourcecode.swift; path = ExploreView.swift; sourceTree = "<group>"; };
		36211EC227D22581007D408E /* ProfileView.swift */ = {isa = PBXFileReference; lastKnownFileType = sourcecode.swift; path = ProfileView.swift; sourceTree = "<group>"; };
		36211EC627D23A1D007D408E /* TweetFilterViewModel.swift */ = {isa = PBXFileReference; lastKnownFileType = sourcecode.swift; path = TweetFilterViewModel.swift; sourceTree = "<group>"; };
		36211ECB27D5F18B007D408E /* UserRowView.swift */ = {isa = PBXFileReference; lastKnownFileType = sourcecode.swift; path = UserRowView.swift; sourceTree = "<group>"; };
		36211ED227D5F654007D408E /* SideMenuView.swift */ = {isa = PBXFileReference; lastKnownFileType = sourcecode.swift; path = SideMenuView.swift; sourceTree = "<group>"; };
		36211ED427D5F666007D408E /* SideMenuRowView.swift */ = {isa = PBXFileReference; lastKnownFileType = sourcecode.swift; path = SideMenuRowView.swift; sourceTree = "<group>"; };
		36211ED627D5F7BB007D408E /* SideMenuViewModel.swift */ = {isa = PBXFileReference; lastKnownFileType = sourcecode.swift; path = SideMenuViewModel.swift; sourceTree = "<group>"; };
		36211ED827D5FA34007D408E /* UserStatsView.swift */ = {isa = PBXFileReference; lastKnownFileType = sourcecode.swift; path = UserStatsView.swift; sourceTree = "<group>"; };
		367DB7C527DA16870059832B /* AuthHeader.swift */ = {isa = PBXFileReference; lastKnownFileType = sourcecode.swift; path = AuthHeader.swift; sourceTree = "<group>"; };
		367DB7C727DA1B0D0059832B /* GoogleService-Info.plist */ = {isa = PBXFileReference; lastKnownFileType = text.plist; path = "GoogleService-Info.plist"; sourceTree = SOURCE_ROOT; };
		367DB7D227DA1F240059832B /* AuthViewModel.swift */ = {isa = PBXFileReference; lastKnownFileType = sourcecode.swift; path = AuthViewModel.swift; sourceTree = "<group>"; };
		368F085227D8ED630067BA70 /* LoginUI.swift */ = {isa = PBXFileReference; lastKnownFileType = sourcecode.swift; path = LoginUI.swift; sourceTree = "<group>"; };
		368F085427D8EF8A0067BA70 /* RoundedShape.swift */ = {isa = PBXFileReference; lastKnownFileType = sourcecode.swift; path = RoundedShape.swift; sourceTree = "<group>"; };
		368F085627D8FC780067BA70 /* RegistrationView.swift */ = {isa = PBXFileReference; lastKnownFileType = sourcecode.swift; path = RegistrationView.swift; sourceTree = "<group>"; };
		368F085927D8FE760067BA70 /* CustomInputFieldRowView.swift */ = {isa = PBXFileReference; lastKnownFileType = sourcecode.swift; path = CustomInputFieldRowView.swift; sourceTree = "<group>"; };
		36BFB4CB27D8D911006B606B /* SideMenuOptionRowView.swift */ = {isa = PBXFileReference; lastKnownFileType = sourcecode.swift; path = SideMenuOptionRowView.swift; sourceTree = "<group>"; };
		36BFB4D027D8E0F2006B606B /* NewTweetView.swift */ = {isa = PBXFileReference; lastKnownFileType = sourcecode.swift; path = NewTweetView.swift; sourceTree = "<group>"; };
		36BFB4D327D8E309006B606B /* TextAreaView.swift */ = {isa = PBXFileReference; lastKnownFileType = sourcecode.swift; path = TextAreaView.swift; sourceTree = "<group>"; };
/* End PBXFileReference section */

/* Begin PBXFrameworksBuildPhase section */
		36211E9027D20B6B007D408E /* Frameworks */ = {
			isa = PBXFrameworksBuildPhase;
			buildActionMask = 2147483647;
			files = (
				367DB7CF27DA1D860059832B /* FirebaseFirestoreSwift-Beta in Frameworks */,
				367DB7D127DA1D860059832B /* FirebaseStorage in Frameworks */,
				367DB7CB27DA1D860059832B /* FirebaseAuth in Frameworks */,
				367DB7CD27DA1D860059832B /* FirebaseFirestore in Frameworks */,
			);
			runOnlyForDeploymentPostprocessing = 0;
		};
/* End PBXFrameworksBuildPhase section */

/* Begin PBXGroup section */
		36211E8A27D20B6B007D408E = {
			isa = PBXGroup;
			children = (
				36211E9527D20B6B007D408E /* TwitterClone */,
				36211E9427D20B6B007D408E /* Products */,
			);
			sourceTree = "<group>";
		};
		36211E9427D20B6B007D408E /* Products */ = {
			isa = PBXGroup;
			children = (
				36211E9327D20B6B007D408E /* TwitterClone.app */,
			);
			name = Products;
			sourceTree = "<group>";
		};
		36211E9527D20B6B007D408E /* TwitterClone */ = {
			isa = PBXGroup;
			children = (
				36211EA927D20BEC007D408E /* Extensions */,
				36211EA827D20BEA007D408E /* Model */,
				36211EA527D20BDD007D408E /* Service */,
				36211EA427D20BBB007D408E /* Core */,
				36211E9627D20B6B007D408E /* TwitterCloneApp.swift */,
				36211E9827D20B6B007D408E /* ContentView.swift */,
				36211E9A27D20B6C007D408E /* Assets.xcassets */,
				367DB7C727DA1B0D0059832B /* GoogleService-Info.plist */,
				36211E9C27D20B6C007D408E /* Preview Content */,
			);
			path = TwitterClone;
			sourceTree = "<group>";
		};
		36211E9C27D20B6C007D408E /* Preview Content */ = {
			isa = PBXGroup;
			children = (
				36211E9D27D20B6C007D408E /* Preview Assets.xcassets */,
			);
			path = "Preview Content";
			sourceTree = "<group>";
		};
		36211EA427D20BBB007D408E /* Core */ = {
			isa = PBXGroup;
			children = (
				36211EAA27D20C14007D408E /* Components */,
				36BFB4D527D8E729006B606B /* Authentication */,
				36BFB4CD27D8E078006B606B /* UploadTweet */,
				36211ECF27D5F5F7007D408E /* Side Menu */,
				36211EBB27D22520007D408E /* Messages */,
				36211EBA27D2251A007D408E /* Notifications */,
				36211EB927D22518007D408E /* Explore */,
				36211EB727D2250F007D408E /* Profile */,
				36211EB427D222FE007D408E /* MainTab */,
				36211EAB27D20C1B007D408E /* Feed */,
			);
			path = Core;
			sourceTree = "<group>";
		};
		36211EA527D20BDD007D408E /* Service */ = {
			isa = PBXGroup;
			children = (
			);
			path = Service;
			sourceTree = "<group>";
		};
		36211EA827D20BEA007D408E /* Model */ = {
			isa = PBXGroup;
			children = (
			);
			path = Model;
			sourceTree = "<group>";
		};
		36211EA927D20BEC007D408E /* Extensions */ = {
			isa = PBXGroup;
			children = (
			);
			path = Extensions;
			sourceTree = "<group>";
		};
		36211EAA27D20C14007D408E /* Components */ = {
			isa = PBXGroup;
			children = (
				367DB7C427DA167A0059832B /* Headers */,
				368F085827D8FE590067BA70 /* CustomInputFields */,
				36BFB4D227D8E2DC006B606B /* TextArea */,
				36211ECA27D5F164007D408E /* Users */,
				36211EAF27D20D49007D408E /* Tweets */,
			);
			path = Components;
			sourceTree = "<group>";
		};
		36211EAB27D20C1B007D408E /* Feed */ = {
			isa = PBXGroup;
			children = (
				36211EAD27D20C48007D408E /* ViewModels */,
				36211EAE27D20C52007D408E /* Views */,
			);
			path = Feed;
			sourceTree = "<group>";
		};
		36211EAD27D20C48007D408E /* ViewModels */ = {
			isa = PBXGroup;
			children = (
			);
			path = ViewModels;
			sourceTree = "<group>";
		};
		36211EAE27D20C52007D408E /* Views */ = {
			isa = PBXGroup;
			children = (
				36211EB227D20DA2007D408E /* FeedView.swift */,
			);
			path = Views;
			sourceTree = "<group>";
		};
		36211EAF27D20D49007D408E /* Tweets */ = {
			isa = PBXGroup;
			children = (
				36211EB027D20D74007D408E /* TweetsRowView.swift */,
			);
			path = Tweets;
			sourceTree = "<group>";
		};
		36211EB427D222FE007D408E /* MainTab */ = {
			isa = PBXGroup;
			children = (
				36211EB527D22321007D408E /* MainTabView.swift */,
			);
			path = MainTab;
			sourceTree = "<group>";
		};
		36211EB727D2250F007D408E /* Profile */ = {
			isa = PBXGroup;
			children = (
				36211EC427D22845007D408E /* ViewModel */,
				36211EC527D22854007D408E /* View */,
			);
			path = Profile;
			sourceTree = "<group>";
		};
		36211EB927D22518007D408E /* Explore */ = {
			isa = PBXGroup;
			children = (
				36211ECD27D5F2B5007D408E /* ViewModel */,
				36211ECE27D5F2BC007D408E /* Views */,
			);
			path = Explore;
			sourceTree = "<group>";
		};
		36211EBA27D2251A007D408E /* Notifications */ = {
			isa = PBXGroup;
			children = (
				36211EBE27D22560007D408E /* NotificationsView.swift */,
			);
			path = Notifications;
			sourceTree = "<group>";
		};
		36211EBB27D22520007D408E /* Messages */ = {
			isa = PBXGroup;
			children = (
				36211EBC27D22546007D408E /* MessagesView.swift */,
			);
			path = Messages;
			sourceTree = "<group>";
		};
		36211EC427D22845007D408E /* ViewModel */ = {
			isa = PBXGroup;
			children = (
				36211EC627D23A1D007D408E /* TweetFilterViewModel.swift */,
			);
			path = ViewModel;
			sourceTree = "<group>";
		};
		36211EC527D22854007D408E /* View */ = {
			isa = PBXGroup;
			children = (
				36211EC227D22581007D408E /* ProfileView.swift */,
			);
			path = View;
			sourceTree = "<group>";
		};
		36211ECA27D5F164007D408E /* Users */ = {
			isa = PBXGroup;
			children = (
				36211ECB27D5F18B007D408E /* UserRowView.swift */,
				36211ED827D5FA34007D408E /* UserStatsView.swift */,
			);
			path = Users;
			sourceTree = "<group>";
		};
		36211ECD27D5F2B5007D408E /* ViewModel */ = {
			isa = PBXGroup;
			children = (
			);
			path = ViewModel;
			sourceTree = "<group>";
		};
		36211ECE27D5F2BC007D408E /* Views */ = {
			isa = PBXGroup;
			children = (
				36211EC027D22573007D408E /* ExploreView.swift */,
			);
			path = Views;
			sourceTree = "<group>";
		};
		36211ECF27D5F5F7007D408E /* Side Menu */ = {
			isa = PBXGroup;
			children = (
				36211ED127D5F628007D408E /* ViewModel */,
				36211ED027D5F624007D408E /* Views */,
			);
			path = "Side Menu";
			sourceTree = "<group>";
		};
		36211ED027D5F624007D408E /* Views */ = {
			isa = PBXGroup;
			children = (
				36211ED227D5F654007D408E /* SideMenuView.swift */,
				36211ED427D5F666007D408E /* SideMenuRowView.swift */,
				36BFB4CB27D8D911006B606B /* SideMenuOptionRowView.swift */,
			);
			path = Views;
			sourceTree = "<group>";
		};
		36211ED127D5F628007D408E /* ViewModel */ = {
			isa = PBXGroup;
			children = (
				36211ED627D5F7BB007D408E /* SideMenuViewModel.swift */,
			);
			path = ViewModel;
			sourceTree = "<group>";
		};
		367DB7C427DA167A0059832B /* Headers */ = {
			isa = PBXGroup;
			children = (
				367DB7C527DA16870059832B /* AuthHeader.swift */,
			);
			path = Headers;
			sourceTree = "<group>";
		};
		368F085827D8FE590067BA70 /* CustomInputFields */ = {
			isa = PBXGroup;
			children = (
				368F085427D8EF8A0067BA70 /* RoundedShape.swift */,
				368F085927D8FE760067BA70 /* CustomInputFieldRowView.swift */,
			);
			path = CustomInputFields;
			sourceTree = "<group>";
		};
		36BFB4CD27D8E078006B606B /* UploadTweet */ = {
			isa = PBXGroup;
			children = (
				36BFB4CE27D8E07F006B606B /* ViewModel */,
				36BFB4CF27D8E084006B606B /* View */,
			);
			path = UploadTweet;
			sourceTree = "<group>";
		};
		36BFB4CE27D8E07F006B606B /* ViewModel */ = {
			isa = PBXGroup;
			children = (
			);
			path = ViewModel;
			sourceTree = "<group>";
		};
		36BFB4CF27D8E084006B606B /* View */ = {
			isa = PBXGroup;
			children = (
				36BFB4D027D8E0F2006B606B /* NewTweetView.swift */,
			);
			path = View;
			sourceTree = "<group>";
		};
		36BFB4D227D8E2DC006B606B /* TextArea */ = {
			isa = PBXGroup;
			children = (
				36BFB4D327D8E309006B606B /* TextAreaView.swift */,
			);
			path = TextArea;
			sourceTree = "<group>";
		};
		36BFB4D527D8E729006B606B /* Authentication */ = {
			isa = PBXGroup;
			children = (
				36BFB4D727D8E739006B606B /* ViewModel */,
				36BFB4D627D8E732006B606B /* View */,
			);
			path = Authentication;
			sourceTree = "<group>";
		};
		36BFB4D627D8E732006B606B /* View */ = {
			isa = PBXGroup;
			children = (
				368F085227D8ED630067BA70 /* LoginUI.swift */,
				368F085627D8FC780067BA70 /* RegistrationView.swift */,
			);
			path = View;
			sourceTree = "<group>";
		};
		36BFB4D727D8E739006B606B /* ViewModel */ = {
			isa = PBXGroup;
			children = (
				367DB7D227DA1F240059832B /* AuthViewModel.swift */,
			);
			path = ViewModel;
			sourceTree = "<group>";
		};
/* End PBXGroup section */

/* Begin PBXNativeTarget section */
		36211E9227D20B6B007D408E /* TwitterClone */ = {
			isa = PBXNativeTarget;
			buildConfigurationList = 36211EA127D20B6C007D408E /* Build configuration list for PBXNativeTarget "TwitterClone" */;
			buildPhases = (
				36211E8F27D20B6B007D408E /* Sources */,
				36211E9027D20B6B007D408E /* Frameworks */,
				36211E9127D20B6B007D408E /* Resources */,
			);
			buildRules = (
			);
			dependencies = (
			);
			name = TwitterClone;
			packageProductDependencies = (
				367DB7CA27DA1D860059832B /* FirebaseAuth */,
				367DB7CC27DA1D860059832B /* FirebaseFirestore */,
				367DB7CE27DA1D860059832B /* FirebaseFirestoreSwift-Beta */,
				367DB7D027DA1D860059832B /* FirebaseStorage */,
			);
			productName = TwitterClone;
			productReference = 36211E9327D20B6B007D408E /* TwitterClone.app */;
			productType = "com.apple.product-type.application";
		};
/* End PBXNativeTarget section */

/* Begin PBXProject section */
		36211E8B27D20B6B007D408E /* Project object */ = {
			isa = PBXProject;
			attributes = {
				BuildIndependentTargetsInParallel = 1;
				LastSwiftUpdateCheck = 1320;
				LastUpgradeCheck = 1320;
				TargetAttributes = {
					36211E9227D20B6B007D408E = {
						CreatedOnToolsVersion = 13.2.1;
					};
				};
			};
			buildConfigurationList = 36211E8E27D20B6B007D408E /* Build configuration list for PBXProject "TwitterClone" */;
			compatibilityVersion = "Xcode 13.0";
			developmentRegion = en;
			hasScannedForEncodings = 0;
			knownRegions = (
				en,
				Base,
			);
			mainGroup = 36211E8A27D20B6B007D408E;
			packageReferences = (
				367DB7C927DA1D860059832B /* XCRemoteSwiftPackageReference "firebase-ios-sdk" */,
			);
			productRefGroup = 36211E9427D20B6B007D408E /* Products */;
			projectDirPath = "";
			projectRoot = "";
			targets = (
				36211E9227D20B6B007D408E /* TwitterClone */,
			);
		};
/* End PBXProject section */

/* Begin PBXResourcesBuildPhase section */
		36211E9127D20B6B007D408E /* Resources */ = {
			isa = PBXResourcesBuildPhase;
			buildActionMask = 2147483647;
			files = (
				36211E9E27D20B6C007D408E /* Preview Assets.xcassets in Resources */,
				36211E9B27D20B6C007D408E /* Assets.xcassets in Resources */,
				367DB7C827DA1B0D0059832B /* GoogleService-Info.plist in Resources */,
			);
			runOnlyForDeploymentPostprocessing = 0;
		};
/* End PBXResourcesBuildPhase section */

/* Begin PBXSourcesBuildPhase section */
		36211E8F27D20B6B007D408E /* Sources */ = {
			isa = PBXSourcesBuildPhase;
			buildActionMask = 2147483647;
			files = (
				368F085A27D8FE760067BA70 /* CustomInputFieldRowView.swift in Sources */,
				36211EB327D20DA2007D408E /* FeedView.swift in Sources */,
				368F085327D8ED630067BA70 /* LoginUI.swift in Sources */,
				36211EC327D22581007D408E /* ProfileView.swift in Sources */,
				367DB7C627DA16870059832B /* AuthHeader.swift in Sources */,
				368F085727D8FC780067BA70 /* RegistrationView.swift in Sources */,
				36BFB4D427D8E309006B606B /* TextAreaView.swift in Sources */,
				36211E9927D20B6B007D408E /* ContentView.swift in Sources */,
				36211ED527D5F666007D408E /* SideMenuRowView.swift in Sources */,
				36211EBD27D22546007D408E /* MessagesView.swift in Sources */,
				36211EC727D23A1D007D408E /* TweetFilterViewModel.swift in Sources */,
				36211E9727D20B6B007D408E /* TwitterCloneApp.swift in Sources */,
				36211ED327D5F654007D408E /* SideMenuView.swift in Sources */,
				36211EB127D20D74007D408E /* TweetsRowView.swift in Sources */,
				36BFB4D127D8E0F2006B606B /* NewTweetView.swift in Sources */,
				36211EB627D22321007D408E /* MainTabView.swift in Sources */,
				36211ED727D5F7BB007D408E /* SideMenuViewModel.swift in Sources */,
				36211ECC27D5F18B007D408E /* UserRowView.swift in Sources */,
				368F085527D8EF8A0067BA70 /* RoundedShape.swift in Sources */,
				36BFB4CC27D8D911006B606B /* SideMenuOptionRowView.swift in Sources */,
				367DB7D327DA1F240059832B /* AuthViewModel.swift in Sources */,
				36211EC127D22573007D408E /* ExploreView.swift in Sources */,
				36211EBF27D22560007D408E /* NotificationsView.swift in Sources */,
				36211ED927D5FA34007D408E /* UserStatsView.swift in Sources */,
			);
			runOnlyForDeploymentPostprocessing = 0;
		};
/* End PBXSourcesBuildPhase section */

/* Begin XCBuildConfiguration section */
		36211E9F27D20B6C007D408E /* Debug */ = {
			isa = XCBuildConfiguration;
			buildSettings = {
				ALWAYS_SEARCH_USER_PATHS = NO;
				CLANG_ANALYZER_NONNULL = YES;
				CLANG_ANALYZER_NUMBER_OBJECT_CONVERSION = YES_AGGRESSIVE;
				CLANG_CXX_LANGUAGE_STANDARD = "gnu++17";
				CLANG_CXX_LIBRARY = "libc++";
				CLANG_ENABLE_MODULES = YES;
				CLANG_ENABLE_OBJC_ARC = YES;
				CLANG_ENABLE_OBJC_WEAK = YES;
				CLANG_WARN_BLOCK_CAPTURE_AUTORELEASING = YES;
				CLANG_WARN_BOOL_CONVERSION = YES;
				CLANG_WARN_COMMA = YES;
				CLANG_WARN_CONSTANT_CONVERSION = YES;
				CLANG_WARN_DEPRECATED_OBJC_IMPLEMENTATIONS = YES;
				CLANG_WARN_DIRECT_OBJC_ISA_USAGE = YES_ERROR;
				CLANG_WARN_DOCUMENTATION_COMMENTS = YES;
				CLANG_WARN_EMPTY_BODY = YES;
				CLANG_WARN_ENUM_CONVERSION = YES;
				CLANG_WARN_INFINITE_RECURSION = YES;
				CLANG_WARN_INT_CONVERSION = YES;
				CLANG_WARN_NON_LITERAL_NULL_CONVERSION = YES;
				CLANG_WARN_OBJC_IMPLICIT_RETAIN_SELF = YES;
				CLANG_WARN_OBJC_LITERAL_CONVERSION = YES;
				CLANG_WARN_OBJC_ROOT_CLASS = YES_ERROR;
				CLANG_WARN_QUOTED_INCLUDE_IN_FRAMEWORK_HEADER = YES;
				CLANG_WARN_RANGE_LOOP_ANALYSIS = YES;
				CLANG_WARN_STRICT_PROTOTYPES = YES;
				CLANG_WARN_SUSPICIOUS_MOVE = YES;
				CLANG_WARN_UNGUARDED_AVAILABILITY = YES_AGGRESSIVE;
				CLANG_WARN_UNREACHABLE_CODE = YES;
				CLANG_WARN__DUPLICATE_METHOD_MATCH = YES;
				COPY_PHASE_STRIP = NO;
				DEBUG_INFORMATION_FORMAT = dwarf;
				ENABLE_STRICT_OBJC_MSGSEND = YES;
				ENABLE_TESTABILITY = YES;
				GCC_C_LANGUAGE_STANDARD = gnu11;
				GCC_DYNAMIC_NO_PIC = NO;
				GCC_NO_COMMON_BLOCKS = YES;
				GCC_OPTIMIZATION_LEVEL = 0;
				GCC_PREPROCESSOR_DEFINITIONS = (
					"DEBUG=1",
					"$(inherited)",
				);
				GCC_WARN_64_TO_32_BIT_CONVERSION = YES;
				GCC_WARN_ABOUT_RETURN_TYPE = YES_ERROR;
				GCC_WARN_UNDECLARED_SELECTOR = YES;
				GCC_WARN_UNINITIALIZED_AUTOS = YES_AGGRESSIVE;
				GCC_WARN_UNUSED_FUNCTION = YES;
				GCC_WARN_UNUSED_VARIABLE = YES;
				IPHONEOS_DEPLOYMENT_TARGET = 15.2;
				MTL_ENABLE_DEBUG_INFO = INCLUDE_SOURCE;
				MTL_FAST_MATH = YES;
				ONLY_ACTIVE_ARCH = YES;
				SDKROOT = iphoneos;
				SWIFT_ACTIVE_COMPILATION_CONDITIONS = DEBUG;
				SWIFT_OPTIMIZATION_LEVEL = "-Onone";
			};
			name = Debug;
		};
		36211EA027D20B6C007D408E /* Release */ = {
			isa = XCBuildConfiguration;
			buildSettings = {
				ALWAYS_SEARCH_USER_PATHS = NO;
				CLANG_ANALYZER_NONNULL = YES;
				CLANG_ANALYZER_NUMBER_OBJECT_CONVERSION = YES_AGGRESSIVE;
				CLANG_CXX_LANGUAGE_STANDARD = "gnu++17";
				CLANG_CXX_LIBRARY = "libc++";
				CLANG_ENABLE_MODULES = YES;
				CLANG_ENABLE_OBJC_ARC = YES;
				CLANG_ENABLE_OBJC_WEAK = YES;
				CLANG_WARN_BLOCK_CAPTURE_AUTORELEASING = YES;
				CLANG_WARN_BOOL_CONVERSION = YES;
				CLANG_WARN_COMMA = YES;
				CLANG_WARN_CONSTANT_CONVERSION = YES;
				CLANG_WARN_DEPRECATED_OBJC_IMPLEMENTATIONS = YES;
				CLANG_WARN_DIRECT_OBJC_ISA_USAGE = YES_ERROR;
				CLANG_WARN_DOCUMENTATION_COMMENTS = YES;
				CLANG_WARN_EMPTY_BODY = YES;
				CLANG_WARN_ENUM_CONVERSION = YES;
				CLANG_WARN_INFINITE_RECURSION = YES;
				CLANG_WARN_INT_CONVERSION = YES;
				CLANG_WARN_NON_LITERAL_NULL_CONVERSION = YES;
				CLANG_WARN_OBJC_IMPLICIT_RETAIN_SELF = YES;
				CLANG_WARN_OBJC_LITERAL_CONVERSION = YES;
				CLANG_WARN_OBJC_ROOT_CLASS = YES_ERROR;
				CLANG_WARN_QUOTED_INCLUDE_IN_FRAMEWORK_HEADER = YES;
				CLANG_WARN_RANGE_LOOP_ANALYSIS = YES;
				CLANG_WARN_STRICT_PROTOTYPES = YES;
				CLANG_WARN_SUSPICIOUS_MOVE = YES;
				CLANG_WARN_UNGUARDED_AVAILABILITY = YES_AGGRESSIVE;
				CLANG_WARN_UNREACHABLE_CODE = YES;
				CLANG_WARN__DUPLICATE_METHOD_MATCH = YES;
				COPY_PHASE_STRIP = NO;
				DEBUG_INFORMATION_FORMAT = "dwarf-with-dsym";
				ENABLE_NS_ASSERTIONS = NO;
				ENABLE_STRICT_OBJC_MSGSEND = YES;
				GCC_C_LANGUAGE_STANDARD = gnu11;
				GCC_NO_COMMON_BLOCKS = YES;
				GCC_WARN_64_TO_32_BIT_CONVERSION = YES;
				GCC_WARN_ABOUT_RETURN_TYPE = YES_ERROR;
				GCC_WARN_UNDECLARED_SELECTOR = YES;
				GCC_WARN_UNINITIALIZED_AUTOS = YES_AGGRESSIVE;
				GCC_WARN_UNUSED_FUNCTION = YES;
				GCC_WARN_UNUSED_VARIABLE = YES;
				IPHONEOS_DEPLOYMENT_TARGET = 15.2;
				MTL_ENABLE_DEBUG_INFO = NO;
				MTL_FAST_MATH = YES;
				SDKROOT = iphoneos;
				SWIFT_COMPILATION_MODE = wholemodule;
				SWIFT_OPTIMIZATION_LEVEL = "-O";
				VALIDATE_PRODUCT = YES;
			};
			name = Release;
		};
		36211EA227D20B6C007D408E /* Debug */ = {
			isa = XCBuildConfiguration;
			buildSettings = {
				ASSETCATALOG_COMPILER_APPICON_NAME = AppIcon;
				ASSETCATALOG_COMPILER_GLOBAL_ACCENT_COLOR_NAME = AccentColor;
				CODE_SIGN_STYLE = Automatic;
				CURRENT_PROJECT_VERSION = 1;
				DEVELOPMENT_ASSET_PATHS = "\"TwitterClone/Preview Content\"";
				DEVELOPMENT_TEAM = CPWQKBTQHK;
				ENABLE_PREVIEWS = YES;
				GENERATE_INFOPLIST_FILE = YES;
				INFOPLIST_KEY_UIApplicationSceneManifest_Generation = YES;
				INFOPLIST_KEY_UIApplicationSupportsIndirectInputEvents = YES;
				INFOPLIST_KEY_UILaunchScreen_Generation = YES;
				INFOPLIST_KEY_UISupportedInterfaceOrientations_iPad = "UIInterfaceOrientationPortrait UIInterfaceOrientationPortraitUpsideDown UIInterfaceOrientationLandscapeLeft UIInterfaceOrientationLandscapeRight";
				INFOPLIST_KEY_UISupportedInterfaceOrientations_iPhone = "UIInterfaceOrientationPortrait UIInterfaceOrientationLandscapeLeft UIInterfaceOrientationLandscapeRight";
				LD_RUNPATH_SEARCH_PATHS = (
					"$(inherited)",
					"@executable_path/Frameworks",
				);
				MARKETING_VERSION = 1.0;
				PRODUCT_BUNDLE_IDENTIFIER = com.ghulamrasuldev.TwitterClone;
				PRODUCT_NAME = "$(TARGET_NAME)";
				SWIFT_EMIT_LOC_STRINGS = YES;
				SWIFT_VERSION = 5.0;
				TARGETED_DEVICE_FAMILY = "1,2";
			};
			name = Debug;
		};
		36211EA327D20B6C007D408E /* Release */ = {
			isa = XCBuildConfiguration;
			buildSettings = {
				ASSETCATALOG_COMPILER_APPICON_NAME = AppIcon;
				ASSETCATALOG_COMPILER_GLOBAL_ACCENT_COLOR_NAME = AccentColor;
				CODE_SIGN_STYLE = Automatic;
				CURRENT_PROJECT_VERSION = 1;
				DEVELOPMENT_ASSET_PATHS = "\"TwitterClone/Preview Content\"";
				DEVELOPMENT_TEAM = CPWQKBTQHK;
				ENABLE_PREVIEWS = YES;
				GENERATE_INFOPLIST_FILE = YES;
				INFOPLIST_KEY_UIApplicationSceneManifest_Generation = YES;
				INFOPLIST_KEY_UIApplicationSupportsIndirectInputEvents = YES;
				INFOPLIST_KEY_UILaunchScreen_Generation = YES;
				INFOPLIST_KEY_UISupportedInterfaceOrientations_iPad = "UIInterfaceOrientationPortrait UIInterfaceOrientationPortraitUpsideDown UIInterfaceOrientationLandscapeLeft UIInterfaceOrientationLandscapeRight";
				INFOPLIST_KEY_UISupportedInterfaceOrientations_iPhone = "UIInterfaceOrientationPortrait UIInterfaceOrientationLandscapeLeft UIInterfaceOrientationLandscapeRight";
				LD_RUNPATH_SEARCH_PATHS = (
					"$(inherited)",
					"@executable_path/Frameworks",
				);
				MARKETING_VERSION = 1.0;
				PRODUCT_BUNDLE_IDENTIFIER = com.ghulamrasuldev.TwitterClone;
				PRODUCT_NAME = "$(TARGET_NAME)";
				SWIFT_EMIT_LOC_STRINGS = YES;
				SWIFT_VERSION = 5.0;
				TARGETED_DEVICE_FAMILY = "1,2";
			};
			name = Release;
		};
/* End XCBuildConfiguration section */

/* Begin XCConfigurationList section */
		36211E8E27D20B6B007D408E /* Build configuration list for PBXProject "TwitterClone" */ = {
			isa = XCConfigurationList;
			buildConfigurations = (
				36211E9F27D20B6C007D408E /* Debug */,
				36211EA027D20B6C007D408E /* Release */,
			);
			defaultConfigurationIsVisible = 0;
			defaultConfigurationName = Release;
		};
		36211EA127D20B6C007D408E /* Build configuration list for PBXNativeTarget "TwitterClone" */ = {
			isa = XCConfigurationList;
			buildConfigurations = (
				36211EA227D20B6C007D408E /* Debug */,
				36211EA327D20B6C007D408E /* Release */,
			);
			defaultConfigurationIsVisible = 0;
			defaultConfigurationName = Release;
		};
/* End XCConfigurationList section */

/* Begin XCRemoteSwiftPackageReference section */
		367DB7C927DA1D860059832B /* XCRemoteSwiftPackageReference "firebase-ios-sdk" */ = {
			isa = XCRemoteSwiftPackageReference;
			repositoryURL = "https://github.com/firebase/firebase-ios-sdk";
			requirement = {
				kind = upToNextMajorVersion;
				minimumVersion = 8.0.0;
			};
		};
/* End XCRemoteSwiftPackageReference section */

/* Begin XCSwiftPackageProductDependency section */
		367DB7CA27DA1D860059832B /* FirebaseAuth */ = {
			isa = XCSwiftPackageProductDependency;
			package = 367DB7C927DA1D860059832B /* XCRemoteSwiftPackageReference "firebase-ios-sdk" */;
			productName = FirebaseAuth;
		};
		367DB7CC27DA1D860059832B /* FirebaseFirestore */ = {
			isa = XCSwiftPackageProductDependency;
			package = 367DB7C927DA1D860059832B /* XCRemoteSwiftPackageReference "firebase-ios-sdk" */;
			productName = FirebaseFirestore;
		};
		367DB7CE27DA1D860059832B /* FirebaseFirestoreSwift-Beta */ = {
			isa = XCSwiftPackageProductDependency;
			package = 367DB7C927DA1D860059832B /* XCRemoteSwiftPackageReference "firebase-ios-sdk" */;
			productName = "FirebaseFirestoreSwift-Beta";
		};
		367DB7D027DA1D860059832B /* FirebaseStorage */ = {
			isa = XCSwiftPackageProductDependency;
			package = 367DB7C927DA1D860059832B /* XCRemoteSwiftPackageReference "firebase-ios-sdk" */;
			productName = FirebaseStorage;
		};
/* End XCSwiftPackageProductDependency section */
	};
	rootObject = 36211E8B27D20B6B007D408E /* Project object */;
}
